
Microsoft Visual Studio Solution File, Format Version 12.00
# Visual Studio 14
VisualStudioVersion = 14.0.25420.1
MinimumVisualStudioVersion = 10.0.40219.1
Project("{FAE04EC0-301F-11D3-BF4B-00C04F79EFBC}") = "SimpleGeometry", "SimpleGeometry\SimpleGeometry.csproj", "{EC377091-5C3A-43D4-9D49-6068C002C087}"
EndProject
Project("{FAE04EC0-301F-11D3-BF4B-00C04F79EFBC}") = "GeometryLib", "GeometryLib\GeometryLib.csproj", "{D55FA0EA-0DAD-4040-B202-1EAD9AB7603C}"
EndProject
Global
	GlobalSection(SolutionConfigurationPlatforms) = preSolution
		Debug|Any CPU = Debug|Any CPU
		Release|Any CPU = Release|Any CPU
	EndGlobalSection
	GlobalSection(ProjectConfigurationPlatforms) = postSolution
		{EC377091-5C3A-43D4-9D49-6068C002C087}.Debug|Any CPU.ActiveCfg = Debug|Any CPU
		{EC377091-5C3A-43D4-9D49-6068C002C087}.Debug|Any CPU.Build.0 = Debug|Any CPU
		{EC377091-5C3A-43D4-9D49-6068C002C087}.Release|Any CPU.ActiveCfg = Release|Any CPU
		{EC377091-5C3A-43D4-9D49-6068C002C087}.Release|Any CPU.Build.0 = Release|Any CPU
		{D55FA0EA-0DAD-4040-B202-1EAD9AB7603C}.Debug|Any CPU.ActiveCfg = Debug|Any CPU
		{D55FA0EA-0DAD-4040-B202-1EAD9AB7603C}.Debug|Any CPU.Build.0 = Debug|Any CPU
		{D55FA0EA-0DAD-4040-B202-1EAD9AB7603C}.Release|Any CPU.ActiveCfg = Release|Any CPU
		{D55FA0EA-0DAD-4040-B202-1EAD9AB7603C}.Release|Any CPU.Build.0 = Release|Any CPU
	EndGlobalSection
	GlobalSection(SolutionProperties) = preSolution
		HideSolutionNode = FALSE
	EndGlobalSection
EndGlobal
